
Microsoft Visual Studio Solution File, Format Version 12.00
# Visual Studio Version 17
VisualStudioVersion = 17.11.35431.28
MinimumVisualStudioVersion = 10.0.40219.1
Project("{9092AA53-FB77-4645-B42D-1CCCA6BD08BD}") = "AdminManagement", "AdminManagement.njsproj", "{7F0086B5-FB61-4D3D-8F04-8B545FEAA17D}"
EndProject
Global
	GlobalSection(SolutionConfigurationPlatforms) = preSolution
		Debug|Any CPU = Debug|Any CPU
		Release|Any CPU = Release|Any CPU
	EndGlobalSection
	GlobalSection(ProjectConfigurationPlatforms) = postSolution
		{7F0086B5-FB61-4D3D-8F04-8B545FEAA17D}.Debug|Any CPU.ActiveCfg = Debug|Any CPU
		{7F0086B5-FB61-4D3D-8F04-8B545FEAA17D}.Debug|Any CPU.Build.0 = Debug|Any CPU
		{7F0086B5-FB61-4D3D-8F04-8B545FEAA17D}.Release|Any CPU.ActiveCfg = Release|Any CPU
		{7F0086B5-FB61-4D3D-8F04-8B545FEAA17D}.Release|Any CPU.Build.0 = Release|Any CPU
	EndGlobalSection
	GlobalSection(SolutionProperties) = preSolution
		HideSolutionNode = FALSE
	EndGlobalSection
	GlobalSection(ExtensibilityGlobals) = postSolution
		SolutionGuid = {1477CB16-7B22-49BE-9B22-27337AB7E94E}
	EndGlobalSection
EndGlobal
